
Microsoft Visual Studio Solution File, Format Version 12.00
# Visual Studio Version 17
VisualStudioVersion = 17.4.33213.308
MinimumVisualStudioVersion = 10.0.40219.1
Project("{FAE04EC0-301F-11D3-BF4B-00C04F79EFBC}") = "TiendaVirtual", "TiendaVirtual.csproj", "{70F66E06-1695-4F27-A5B8-FBBA1C9CE3F4}"
EndProject
Global
	GlobalSection(SolutionConfigurationPlatforms) = preSolution
		Debug|Any CPU = Debug|Any CPU
		Release|Any CPU = Release|Any CPU
	EndGlobalSection
	GlobalSection(ProjectConfigurationPlatforms) = postSolution
		{70F66E06-1695-4F27-A5B8-FBBA1C9CE3F4}.Debug|Any CPU.ActiveCfg = Debug|Any CPU
		{70F66E06-1695-4F27-A5B8-FBBA1C9CE3F4}.Debug|Any CPU.Build.0 = Debug|Any CPU
		{70F66E06-1695-4F27-A5B8-FBBA1C9CE3F4}.Release|Any CPU.ActiveCfg = Release|Any CPU
		{70F66E06-1695-4F27-A5B8-FBBA1C9CE3F4}.Release|Any CPU.Build.0 = Release|Any CPU
	EndGlobalSection
	GlobalSection(SolutionProperties) = preSolution
		HideSolutionNode = FALSE
	EndGlobalSection
	GlobalSection(ExtensibilityGlobals) = postSolution
		SolutionGuid = {EDAA66BC-1B22-4FB3-8302-7A8D8824432C}
	EndGlobalSection
EndGlobal
